// !$*UTF8*$!
{
	archiveVersion = 1;
	classes = {
	};
	objectVersion = 56;
	objects = {

/* Begin PBXBuildFile section */
		EF8BDDE529BFCF530030D3D3 /* UsersView.swift in Sources */ = {isa = PBXBuildFile; fileRef = EF8BDDE429BFCF530030D3D3 /* UsersView.swift */; };
		EF8BDDE729BFDAE70030D3D3 /* InstagramView.swift in Sources */ = {isa = PBXBuildFile; fileRef = EF8BDDE629BFDAE70030D3D3 /* InstagramView.swift */; };
		EF908B0129C0745100940738 /* UserRowView.swift in Sources */ = {isa = PBXBuildFile; fileRef = EF908B0029C0745100940738 /* UserRowView.swift */; };
		EF908B0329C0764300940738 /* MenuItemView.swift in Sources */ = {isa = PBXBuildFile; fileRef = EF908B0229C0764300940738 /* MenuItemView.swift */; };
		EF908B0629C078D100940738 /* Restaurant.swift in Sources */ = {isa = PBXBuildFile; fileRef = EF908B0529C078D100940738 /* Restaurant.swift */; };
		EF970CF829BE2D8100E1AFC0 /* swiftui_tutApp.swift in Sources */ = {isa = PBXBuildFile; fileRef = EF970CF729BE2D8100E1AFC0 /* swiftui_tutApp.swift */; };
		EF970CFA29BE2D8100E1AFC0 /* ContentView.swift in Sources */ = {isa = PBXBuildFile; fileRef = EF970CF929BE2D8100E1AFC0 /* ContentView.swift */; };
		EF970CFC29BE2D8700E1AFC0 /* Assets.xcassets in Resources */ = {isa = PBXBuildFile; fileRef = EF970CFB29BE2D8700E1AFC0 /* Assets.xcassets */; };
		EF970CFF29BE2D8700E1AFC0 /* Preview Assets.xcassets in Resources */ = {isa = PBXBuildFile; fileRef = EF970CFE29BE2D8700E1AFC0 /* Preview Assets.xcassets */; };
		EF9FB33C29BFDEB80038E7CF /* RestaurantsView.swift in Sources */ = {isa = PBXBuildFile; fileRef = EF9FB33B29BFDEB80038E7CF /* RestaurantsView.swift */; };
		EF9FB33E29BFE6AE0038E7CF /* InstagramGrids.swift in Sources */ = {isa = PBXBuildFile; fileRef = EF9FB33D29BFE6AE0038E7CF /* InstagramGrids.swift */; };
		EF9FB34129BFE8C50038E7CF /* GridView.swift in Sources */ = {isa = PBXBuildFile; fileRef = EF9FB34029BFE8C50038E7CF /* GridView.swift */; };
		EF9FB34329C068E20038E7CF /* ControlFlow.swift in Sources */ = {isa = PBXBuildFile; fileRef = EF9FB34229C068E20038E7CF /* ControlFlow.swift */; };
		EFB1AF9B29BFA900007519F8 /* Shapes.swift in Sources */ = {isa = PBXBuildFile; fileRef = EFB1AF9A29BFA900007519F8 /* Shapes.swift */; };
		EFB1AF9D29BFB1F3007519F8 /* SpotifyView.swift in Sources */ = {isa = PBXBuildFile; fileRef = EFB1AF9C29BFB1F2007519F8 /* SpotifyView.swift */; };
		EFD1850B29C092AF00FB1A94 /* Driver.swift in Sources */ = {isa = PBXBuildFile; fileRef = EFD1850A29C092AF00FB1A94 /* Driver.swift */; };
		EFD1850E29C0CAEB00FB1A94 /* InstagramPostView.swift in Sources */ = {isa = PBXBuildFile; fileRef = EFD1850D29C0CAEB00FB1A94 /* InstagramPostView.swift */; };
		EFD1851029C0CB2C00FB1A94 /* Post.swift in Sources */ = {isa = PBXBuildFile; fileRef = EFD1850F29C0CB2C00FB1A94 /* Post.swift */; };
/* End PBXBuildFile section */

/* Begin PBXFileReference section */
		EF8BDDE429BFCF530030D3D3 /* UsersView.swift */ = {isa = PBXFileReference; lastKnownFileType = sourcecode.swift; path = UsersView.swift; sourceTree = "<group>"; };
		EF8BDDE629BFDAE70030D3D3 /* InstagramView.swift */ = {isa = PBXFileReference; lastKnownFileType = sourcecode.swift; path = InstagramView.swift; sourceTree = "<group>"; };
		EF908B0029C0745100940738 /* UserRowView.swift */ = {isa = PBXFileReference; lastKnownFileType = sourcecode.swift; path = UserRowView.swift; sourceTree = "<group>"; };
		EF908B0229C0764300940738 /* MenuItemView.swift */ = {isa = PBXFileReference; lastKnownFileType = sourcecode.swift; path = MenuItemView.swift; sourceTree = "<group>"; };
		EF908B0529C078D100940738 /* Restaurant.swift */ = {isa = PBXFileReference; lastKnownFileType = sourcecode.swift; path = Restaurant.swift; sourceTree = "<group>"; };
		EF970CF429BE2D8100E1AFC0 /* swiftui-tut.app */ = {isa = PBXFileReference; explicitFileType = wrapper.application; includeInIndex = 0; path = "swiftui-tut.app"; sourceTree = BUILT_PRODUCTS_DIR; };
		EF970CF729BE2D8100E1AFC0 /* swiftui_tutApp.swift */ = {isa = PBXFileReference; lastKnownFileType = sourcecode.swift; path = swiftui_tutApp.swift; sourceTree = "<group>"; };
		EF970CF929BE2D8100E1AFC0 /* ContentView.swift */ = {isa = PBXFileReference; lastKnownFileType = sourcecode.swift; path = ContentView.swift; sourceTree = "<group>"; };
		EF970CFB29BE2D8700E1AFC0 /* Assets.xcassets */ = {isa = PBXFileReference; lastKnownFileType = folder.assetcatalog; path = Assets.xcassets; sourceTree = "<group>"; };
		EF970CFE29BE2D8700E1AFC0 /* Preview Assets.xcassets */ = {isa = PBXFileReference; lastKnownFileType = folder.assetcatalog; path = "Preview Assets.xcassets"; sourceTree = "<group>"; };
		EF9FB33B29BFDEB80038E7CF /* RestaurantsView.swift */ = {isa = PBXFileReference; lastKnownFileType = sourcecode.swift; path = RestaurantsView.swift; sourceTree = "<group>"; };
		EF9FB33D29BFE6AE0038E7CF /* InstagramGrids.swift */ = {isa = PBXFileReference; lastKnownFileType = sourcecode.swift; path = InstagramGrids.swift; sourceTree = "<group>"; };
		EF9FB34029BFE8C50038E7CF /* GridView.swift */ = {isa = PBXFileReference; lastKnownFileType = sourcecode.swift; path = GridView.swift; sourceTree = "<group>"; };
		EF9FB34229C068E20038E7CF /* ControlFlow.swift */ = {isa = PBXFileReference; lastKnownFileType = sourcecode.swift; path = ControlFlow.swift; sourceTree = "<group>"; };
		EFB1AF9A29BFA900007519F8 /* Shapes.swift */ = {isa = PBXFileReference; lastKnownFileType = sourcecode.swift; path = Shapes.swift; sourceTree = "<group>"; };
		EFB1AF9C29BFB1F2007519F8 /* SpotifyView.swift */ = {isa = PBXFileReference; lastKnownFileType = sourcecode.swift; path = SpotifyView.swift; sourceTree = "<group>"; };
		EFD1850A29C092AF00FB1A94 /* Driver.swift */ = {isa = PBXFileReference; lastKnownFileType = sourcecode.swift; path = Driver.swift; sourceTree = "<group>"; };
		EFD1850D29C0CAEB00FB1A94 /* InstagramPostView.swift */ = {isa = PBXFileReference; lastKnownFileType = sourcecode.swift; path = InstagramPostView.swift; sourceTree = "<group>"; };
		EFD1850F29C0CB2C00FB1A94 /* Post.swift */ = {isa = PBXFileReference; lastKnownFileType = sourcecode.swift; path = Post.swift; sourceTree = "<group>"; };
/* End PBXFileReference section */

/* Begin PBXFrameworksBuildPhase section */
		EF970CF129BE2D8100E1AFC0 /* Frameworks */ = {
			isa = PBXFrameworksBuildPhase;
			buildActionMask = 2147483647;
			files = (
			);
			runOnlyForDeploymentPostprocessing = 0;
		};
/* End PBXFrameworksBuildPhase section */

/* Begin PBXGroup section */
		EF908AFF29C0743000940738 /* Loops */ = {
			isa = PBXGroup;
			children = (
				EF8BDDE429BFCF530030D3D3 /* UsersView.swift */,
				EF908B0029C0745100940738 /* UserRowView.swift */,
				EFD1850A29C092AF00FB1A94 /* Driver.swift */,
			);
			path = Loops;
			sourceTree = "<group>";
		};
		EF908B0429C0766100940738 /* ScrollViewUI */ = {
			isa = PBXGroup;
			children = (
				EF908B0229C0764300940738 /* MenuItemView.swift */,
				EF9FB33B29BFDEB80038E7CF /* RestaurantsView.swift */,
				EF908B0529C078D100940738 /* Restaurant.swift */,
			);
			path = ScrollViewUI;
			sourceTree = "<group>";
		};
		EF970CEB29BE2D8100E1AFC0 = {
			isa = PBXGroup;
			children = (
				EF970CF629BE2D8100E1AFC0 /* swiftui-tut */,
				EF970CF529BE2D8100E1AFC0 /* Products */,
			);
			sourceTree = "<group>";
		};
		EF970CF529BE2D8100E1AFC0 /* Products */ = {
			isa = PBXGroup;
			children = (
				EF970CF429BE2D8100E1AFC0 /* swiftui-tut.app */,
			);
			name = Products;
			sourceTree = "<group>";
		};
		EF970CF629BE2D8100E1AFC0 /* swiftui-tut */ = {
			isa = PBXGroup;
			children = (
				EFD1850C29C0CA5F00FB1A94 /* InstagramUI */,
				EF908B0429C0766100940738 /* ScrollViewUI */,
				EF908AFF29C0743000940738 /* Loops */,
				EF9FB33F29BFE8970038E7CF /* Grids */,
				EF970CF729BE2D8100E1AFC0 /* swiftui_tutApp.swift */,
				EFB1AF9C29BFB1F2007519F8 /* SpotifyView.swift */,
				EF970CF929BE2D8100E1AFC0 /* ContentView.swift */,
				EF970CFB29BE2D8700E1AFC0 /* Assets.xcassets */,
				EF970CFD29BE2D8700E1AFC0 /* Preview Content */,
				EFB1AF9A29BFA900007519F8 /* Shapes.swift */,
				EF9FB34229C068E20038E7CF /* ControlFlow.swift */,
			);
			path = "swiftui-tut";
			sourceTree = "<group>";
		};
		EF970CFD29BE2D8700E1AFC0 /* Preview Content */ = {
			isa = PBXGroup;
			children = (
				EF970CFE29BE2D8700E1AFC0 /* Preview Assets.xcassets */,
			);
			path = "Preview Content";
			sourceTree = "<group>";
		};
		EF9FB33F29BFE8970038E7CF /* Grids */ = {
			isa = PBXGroup;
			children = (
				EF9FB34029BFE8C50038E7CF /* GridView.swift */,
			);
			path = Grids;
			sourceTree = "<group>";
		};
		EFD1850C29C0CA5F00FB1A94 /* InstagramUI */ = {
			isa = PBXGroup;
			children = (
				EF9FB33D29BFE6AE0038E7CF /* InstagramGrids.swift */,
				EF8BDDE629BFDAE70030D3D3 /* InstagramView.swift */,
				EFD1850D29C0CAEB00FB1A94 /* InstagramPostView.swift */,
				EFD1850F29C0CB2C00FB1A94 /* Post.swift */,
			);
			path = InstagramUI;
			sourceTree = "<group>";
		};
/* End PBXGroup section */

/* Begin PBXNativeTarget section */
		EF970CF329BE2D8100E1AFC0 /* swiftui-tut */ = {
			isa = PBXNativeTarget;
			buildConfigurationList = EF970D0229BE2D8700E1AFC0 /* Build configuration list for PBXNativeTarget "swiftui-tut" */;
			buildPhases = (
				EF970CF029BE2D8100E1AFC0 /* Sources */,
				EF970CF129BE2D8100E1AFC0 /* Frameworks */,
				EF970CF229BE2D8100E1AFC0 /* Resources */,
			);
			buildRules = (
			);
			dependencies = (
			);
			name = "swiftui-tut";
			productName = "swiftui-tut";
			productReference = EF970CF429BE2D8100E1AFC0 /* swiftui-tut.app */;
			productType = "com.apple.product-type.application";
		};
/* End PBXNativeTarget section */

/* Begin PBXProject section */
		EF970CEC29BE2D8100E1AFC0 /* Project object */ = {
			isa = PBXProject;
			attributes = {
				BuildIndependentTargetsInParallel = 1;
				LastSwiftUpdateCheck = 1400;
				LastUpgradeCheck = 1400;
				TargetAttributes = {
					EF970CF329BE2D8100E1AFC0 = {
						CreatedOnToolsVersion = 14.0;
					};
				};
			};
			buildConfigurationList = EF970CEF29BE2D8100E1AFC0 /* Build configuration list for PBXProject "swiftui-tut" */;
			compatibilityVersion = "Xcode 14.0";
			developmentRegion = en;
			hasScannedForEncodings = 0;
			knownRegions = (
				en,
				Base,
			);
			mainGroup = EF970CEB29BE2D8100E1AFC0;
			productRefGroup = EF970CF529BE2D8100E1AFC0 /* Products */;
			projectDirPath = "";
			projectRoot = "";
			targets = (
				EF970CF329BE2D8100E1AFC0 /* swiftui-tut */,
			);
		};
/* End PBXProject section */

/* Begin PBXResourcesBuildPhase section */
		EF970CF229BE2D8100E1AFC0 /* Resources */ = {
			isa = PBXResourcesBuildPhase;
			buildActionMask = 2147483647;
			files = (
				EF970CFF29BE2D8700E1AFC0 /* Preview Assets.xcassets in Resources */,
				EF970CFC29BE2D8700E1AFC0 /* Assets.xcassets in Resources */,
			);
			runOnlyForDeploymentPostprocessing = 0;
		};
/* End PBXResourcesBuildPhase section */

/* Begin PBXSourcesBuildPhase section */
		EF970CF029BE2D8100E1AFC0 /* Sources */ = {
			isa = PBXSourcesBuildPhase;
			buildActionMask = 2147483647;
			files = (
				EF908B0629C078D100940738 /* Restaurant.swift in Sources */,
				EFD1850B29C092AF00FB1A94 /* Driver.swift in Sources */,
				EFB1AF9D29BFB1F3007519F8 /* SpotifyView.swift in Sources */,
				EF9FB34329C068E20038E7CF /* ControlFlow.swift in Sources */,
				EF970CFA29BE2D8100E1AFC0 /* ContentView.swift in Sources */,
				EF8BDDE729BFDAE70030D3D3 /* InstagramView.swift in Sources */,
				EF9FB33C29BFDEB80038E7CF /* RestaurantsView.swift in Sources */,
				EF970CF829BE2D8100E1AFC0 /* swiftui_tutApp.swift in Sources */,
				EF8BDDE529BFCF530030D3D3 /* UsersView.swift in Sources */,
				EF9FB33E29BFE6AE0038E7CF /* InstagramGrids.swift in Sources */,
				EF908B0129C0745100940738 /* UserRowView.swift in Sources */,
				EFD1851029C0CB2C00FB1A94 /* Post.swift in Sources */,
				EF908B0329C0764300940738 /* MenuItemView.swift in Sources */,
				EF9FB34129BFE8C50038E7CF /* GridView.swift in Sources */,
				EFB1AF9B29BFA900007519F8 /* Shapes.swift in Sources */,
				EFD1850E29C0CAEB00FB1A94 /* InstagramPostView.swift in Sources */,
			);
			runOnlyForDeploymentPostprocessing = 0;
		};
/* End PBXSourcesBuildPhase section */

/* Begin XCBuildConfiguration section */
		EF970D0029BE2D8700E1AFC0 /* Debug */ = {
			isa = XCBuildConfiguration;
			buildSettings = {
				ALWAYS_SEARCH_USER_PATHS = NO;
				CLANG_ANALYZER_NONNULL = YES;
				CLANG_ANALYZER_NUMBER_OBJECT_CONVERSION = YES_AGGRESSIVE;
				CLANG_CXX_LANGUAGE_STANDARD = "gnu++20";
				CLANG_ENABLE_MODULES = YES;
				CLANG_ENABLE_OBJC_ARC = YES;
				CLANG_ENABLE_OBJC_WEAK = YES;
				CLANG_WARN_BLOCK_CAPTURE_AUTORELEASING = YES;
				CLANG_WARN_BOOL_CONVERSION = YES;
				CLANG_WARN_COMMA = YES;
				CLANG_WARN_CONSTANT_CONVERSION = YES;
				CLANG_WARN_DEPRECATED_OBJC_IMPLEMENTATIONS = YES;
				CLANG_WARN_DIRECT_OBJC_ISA_USAGE = YES_ERROR;
				CLANG_WARN_DOCUMENTATION_COMMENTS = YES;
				CLANG_WARN_EMPTY_BODY = YES;
				CLANG_WARN_ENUM_CONVERSION = YES;
				CLANG_WARN_INFINITE_RECURSION = YES;
				CLANG_WARN_INT_CONVERSION = YES;
				CLANG_WARN_NON_LITERAL_NULL_CONVERSION = YES;
				CLANG_WARN_OBJC_IMPLICIT_RETAIN_SELF = YES;
				CLANG_WARN_OBJC_LITERAL_CONVERSION = YES;
				CLANG_WARN_OBJC_ROOT_CLASS = YES_ERROR;
				CLANG_WARN_QUOTED_INCLUDE_IN_FRAMEWORK_HEADER = YES;
				CLANG_WARN_RANGE_LOOP_ANALYSIS = YES;
				CLANG_WARN_STRICT_PROTOTYPES = YES;
				CLANG_WARN_SUSPICIOUS_MOVE = YES;
				CLANG_WARN_UNGUARDED_AVAILABILITY = YES_AGGRESSIVE;
				CLANG_WARN_UNREACHABLE_CODE = YES;
				CLANG_WARN__DUPLICATE_METHOD_MATCH = YES;
				COPY_PHASE_STRIP = NO;
				DEBUG_INFORMATION_FORMAT = dwarf;
				ENABLE_STRICT_OBJC_MSGSEND = YES;
				ENABLE_TESTABILITY = YES;
				GCC_C_LANGUAGE_STANDARD = gnu11;
				GCC_DYNAMIC_NO_PIC = NO;
				GCC_NO_COMMON_BLOCKS = YES;
				GCC_OPTIMIZATION_LEVEL = 0;
				GCC_PREPROCESSOR_DEFINITIONS = (
					"DEBUG=1",
					"$(inherited)",
				);
				GCC_WARN_64_TO_32_BIT_CONVERSION = YES;
				GCC_WARN_ABOUT_RETURN_TYPE = YES_ERROR;
				GCC_WARN_UNDECLARED_SELECTOR = YES;
				GCC_WARN_UNINITIALIZED_AUTOS = YES_AGGRESSIVE;
				GCC_WARN_UNUSED_FUNCTION = YES;
				GCC_WARN_UNUSED_VARIABLE = YES;
				IPHONEOS_DEPLOYMENT_TARGET = 16.0;
				MTL_ENABLE_DEBUG_INFO = INCLUDE_SOURCE;
				MTL_FAST_MATH = YES;
				ONLY_ACTIVE_ARCH = YES;
				SDKROOT = iphoneos;
				SWIFT_ACTIVE_COMPILATION_CONDITIONS = DEBUG;
				SWIFT_OPTIMIZATION_LEVEL = "-Onone";
			};
			name = Debug;
		};
		EF970D0129BE2D8700E1AFC0 /* Release */ = {
			isa = XCBuildConfiguration;
			buildSettings = {
				ALWAYS_SEARCH_USER_PATHS = NO;
				CLANG_ANALYZER_NONNULL = YES;
				CLANG_ANALYZER_NUMBER_OBJECT_CONVERSION = YES_AGGRESSIVE;
				CLANG_CXX_LANGUAGE_STANDARD = "gnu++20";
				CLANG_ENABLE_MODULES = YES;
				CLANG_ENABLE_OBJC_ARC = YES;
				CLANG_ENABLE_OBJC_WEAK = YES;
				CLANG_WARN_BLOCK_CAPTURE_AUTORELEASING = YES;
				CLANG_WARN_BOOL_CONVERSION = YES;
				CLANG_WARN_COMMA = YES;
				CLANG_WARN_CONSTANT_CONVERSION = YES;
				CLANG_WARN_DEPRECATED_OBJC_IMPLEMENTATIONS = YES;
				CLANG_WARN_DIRECT_OBJC_ISA_USAGE = YES_ERROR;
				CLANG_WARN_DOCUMENTATION_COMMENTS = YES;
				CLANG_WARN_EMPTY_BODY = YES;
				CLANG_WARN_ENUM_CONVERSION = YES;
				CLANG_WARN_INFINITE_RECURSION = YES;
				CLANG_WARN_INT_CONVERSION = YES;
				CLANG_WARN_NON_LITERAL_NULL_CONVERSION = YES;
				CLANG_WARN_OBJC_IMPLICIT_RETAIN_SELF = YES;
				CLANG_WARN_OBJC_LITERAL_CONVERSION = YES;
				CLANG_WARN_OBJC_ROOT_CLASS = YES_ERROR;
				CLANG_WARN_QUOTED_INCLUDE_IN_FRAMEWORK_HEADER = YES;
				CLANG_WARN_RANGE_LOOP_ANALYSIS = YES;
				CLANG_WARN_STRICT_PROTOTYPES = YES;
				CLANG_WARN_SUSPICIOUS_MOVE = YES;
				CLANG_WARN_UNGUARDED_AVAILABILITY = YES_AGGRESSIVE;
				CLANG_WARN_UNREACHABLE_CODE = YES;
				CLANG_WARN__DUPLICATE_METHOD_MATCH = YES;
				COPY_PHASE_STRIP = NO;
				DEBUG_INFORMATION_FORMAT = "dwarf-with-dsym";
				ENABLE_NS_ASSERTIONS = NO;
				ENABLE_STRICT_OBJC_MSGSEND = YES;
				GCC_C_LANGUAGE_STANDARD = gnu11;
				GCC_NO_COMMON_BLOCKS = YES;
				GCC_WARN_64_TO_32_BIT_CONVERSION = YES;
				GCC_WARN_ABOUT_RETURN_TYPE = YES_ERROR;
				GCC_WARN_UNDECLARED_SELECTOR = YES;
				GCC_WARN_UNINITIALIZED_AUTOS = YES_AGGRESSIVE;
				GCC_WARN_UNUSED_FUNCTION = YES;
				GCC_WARN_UNUSED_VARIABLE = YES;
				IPHONEOS_DEPLOYMENT_TARGET = 16.0;
				MTL_ENABLE_DEBUG_INFO = NO;
				MTL_FAST_MATH = YES;
				SDKROOT = iphoneos;
				SWIFT_COMPILATION_MODE = wholemodule;
				SWIFT_OPTIMIZATION_LEVEL = "-O";
				VALIDATE_PRODUCT = YES;
			};
			name = Release;
		};
		EF970D0329BE2D8700E1AFC0 /* Debug */ = {
			isa = XCBuildConfiguration;
			buildSettings = {
				ASSETCATALOG_COMPILER_APPICON_NAME = AppIcon;
				ASSETCATALOG_COMPILER_GLOBAL_ACCENT_COLOR_NAME = AccentColor;
				CODE_SIGN_STYLE = Automatic;
				CURRENT_PROJECT_VERSION = 1;
				DEVELOPMENT_ASSET_PATHS = "\"swiftui-tut/Preview Content\"";
				DEVELOPMENT_TEAM = T3X5CSS63D;
				ENABLE_PREVIEWS = YES;
				GENERATE_INFOPLIST_FILE = YES;
				INFOPLIST_KEY_UIApplicationSceneManifest_Generation = YES;
				INFOPLIST_KEY_UIApplicationSupportsIndirectInputEvents = YES;
				INFOPLIST_KEY_UILaunchScreen_Generation = YES;
				INFOPLIST_KEY_UISupportedInterfaceOrientations_iPad = "UIInterfaceOrientationPortrait UIInterfaceOrientationPortraitUpsideDown UIInterfaceOrientationLandscapeLeft UIInterfaceOrientationLandscapeRight";
				INFOPLIST_KEY_UISupportedInterfaceOrientations_iPhone = "UIInterfaceOrientationPortrait UIInterfaceOrientationLandscapeLeft UIInterfaceOrientationLandscapeRight";
				LD_RUNPATH_SEARCH_PATHS = (
					"$(inherited)",
					"@executable_path/Frameworks",
				);
				MARKETING_VERSION = 1.0;
				PRODUCT_BUNDLE_IDENTIFIER = "Test.swiftui-tut";
				PRODUCT_NAME = "$(TARGET_NAME)";
				SWIFT_EMIT_LOC_STRINGS = YES;
				SWIFT_VERSION = 5.0;
				TARGETED_DEVICE_FAMILY = "1,2";
			};
			name = Debug;
		};
		EF970D0429BE2D8700E1AFC0 /* Release */ = {
			isa = XCBuildConfiguration;
			buildSettings = {
				ASSETCATALOG_COMPILER_APPICON_NAME = AppIcon;
				ASSETCATALOG_COMPILER_GLOBAL_ACCENT_COLOR_NAME = AccentColor;
				CODE_SIGN_STYLE = Automatic;
				CURRENT_PROJECT_VERSION = 1;
				DEVELOPMENT_ASSET_PATHS = "\"swiftui-tut/Preview Content\"";
				DEVELOPMENT_TEAM = T3X5CSS63D;
				ENABLE_PREVIEWS = YES;
				GENERATE_INFOPLIST_FILE = YES;
				INFOPLIST_KEY_UIApplicationSceneManifest_Generation = YES;
				INFOPLIST_KEY_UIApplicationSupportsIndirectInputEvents = YES;
				INFOPLIST_KEY_UILaunchScreen_Generation = YES;
				INFOPLIST_KEY_UISupportedInterfaceOrientations_iPad = "UIInterfaceOrientationPortrait UIInterfaceOrientationPortraitUpsideDown UIInterfaceOrientationLandscapeLeft UIInterfaceOrientationLandscapeRight";
				INFOPLIST_KEY_UISupportedInterfaceOrientations_iPhone = "UIInterfaceOrientationPortrait UIInterfaceOrientationLandscapeLeft UIInterfaceOrientationLandscapeRight";
				LD_RUNPATH_SEARCH_PATHS = (
					"$(inherited)",
					"@executable_path/Frameworks",
				);
				MARKETING_VERSION = 1.0;
				PRODUCT_BUNDLE_IDENTIFIER = "Test.swiftui-tut";
				PRODUCT_NAME = "$(TARGET_NAME)";
				SWIFT_EMIT_LOC_STRINGS = YES;
				SWIFT_VERSION = 5.0;
				TARGETED_DEVICE_FAMILY = "1,2";
			};
			name = Release;
		};
/* End XCBuildConfiguration section */

/* Begin XCConfigurationList section */
		EF970CEF29BE2D8100E1AFC0 /* Build configuration list for PBXProject "swiftui-tut" */ = {
			isa = XCConfigurationList;
			buildConfigurations = (
				EF970D0029BE2D8700E1AFC0 /* Debug */,
				EF970D0129BE2D8700E1AFC0 /* Release */,
			);
			defaultConfigurationIsVisible = 0;
			defaultConfigurationName = Release;
		};
		EF970D0229BE2D8700E1AFC0 /* Build configuration list for PBXNativeTarget "swiftui-tut" */ = {
			isa = XCConfigurationList;
			buildConfigurations = (
				EF970D0329BE2D8700E1AFC0 /* Debug */,
				EF970D0429BE2D8700E1AFC0 /* Release */,
			);
			defaultConfigurationIsVisible = 0;
			defaultConfigurationName = Release;
		};
/* End XCConfigurationList section */
	};
	rootObject = EF970CEC29BE2D8100E1AFC0 /* Project object */;
}
